<?xml version="1.0" encoding="utf-8"?>
<Project ToolsVersion="17.0" xmlns="http://schemas.microsoft.com/developer/msbuild/2003">
  <ItemGroup>
    <CustomBuild Include="D:\lemmings\build_template\CMakeFiles\b8ac5f73d1f6c446e5de98d98e210766\generate.stamp.rule">
      <Filter>CMake Rules</Filter>
    </CustomBuild>
  </ItemGroup>
  <ItemGroup>
    <Filter Include="CMake Rules">
      <UniqueIdentifier>{76AC2980-1951-3AA2-B7EF-A79AB4F1C49E}</UniqueIdentifier>
    </Filter>
  </ItemGroup>
</Project>
